// !$*UTF8*$!
{
	archiveVersion = 1;
	classes = {
	};
	objectVersion = 46;
	objects = {

/* Begin PBXBuildFile section */
		490479C81E923B4C00CA1BA7 /* AppDelegate.swift in Sources */ = {isa = PBXBuildFile; fileRef = 490479C71E923B4C00CA1BA7 /* AppDelegate.swift */; };
		490479CA1E923B4C00CA1BA7 /* ViewController.swift in Sources */ = {isa = PBXBuildFile; fileRef = 490479C91E923B4C00CA1BA7 /* ViewController.swift */; };
		490479CD1E923B4C00CA1BA7 /* Main.storyboard in Resources */ = {isa = PBXBuildFile; fileRef = 490479CB1E923B4C00CA1BA7 /* Main.storyboard */; };
		490479CF1E923B4C00CA1BA7 /* Assets.xcassets in Resources */ = {isa = PBXBuildFile; fileRef = 490479CE1E923B4C00CA1BA7 /* Assets.xcassets */; };
		490479D21E923B4C00CA1BA7 /* LaunchScreen.storyboard in Resources */ = {isa = PBXBuildFile; fileRef = 490479D01E923B4C00CA1BA7 /* LaunchScreen.storyboard */; };
		490479E01E923BE700CA1BA7 /* banana.png in Resources */ = {isa = PBXBuildFile; fileRef = 490479DA1E923BE700CA1BA7 /* banana.png */; };
		490479E11E923BE700CA1BA7 /* banana@2x.png in Resources */ = {isa = PBXBuildFile; fileRef = 490479DB1E923BE700CA1BA7 /* banana@2x.png */; };
		490479E21E923BE700CA1BA7 /* chomp.caf in Resources */ = {isa = PBXBuildFile; fileRef = 490479DC1E923BE700CA1BA7 /* chomp.caf */; };
		490479E31E923BE700CA1BA7 /* hehehe1.caf in Resources */ = {isa = PBXBuildFile; fileRef = 490479DD1E923BE700CA1BA7 /* hehehe1.caf */; };
		490479E41E923BE700CA1BA7 /* monkey.png in Resources */ = {isa = PBXBuildFile; fileRef = 490479DE1E923BE700CA1BA7 /* monkey.png */; };
		490479E51E923BE700CA1BA7 /* monkey@2x.png in Resources */ = {isa = PBXBuildFile; fileRef = 490479DF1E923BE700CA1BA7 /* monkey@2x.png */; };
/* End PBXBuildFile section */

/* Begin PBXFileReference section */
		490479C41E923B4C00CA1BA7 /* MonkeyPinch.app */ = {isa = PBXFileReference; explicitFileType = wrapper.application; includeInIndex = 0; path = MonkeyPinch.app; sourceTree = BUILT_PRODUCTS_DIR; };
		490479C71E923B4C00CA1BA7 /* AppDelegate.swift */ = {isa = PBXFileReference; lastKnownFileType = sourcecode.swift; path = AppDelegate.swift; sourceTree = "<group>"; };
		490479C91E923B4C00CA1BA7 /* ViewController.swift */ = {isa = PBXFileReference; lastKnownFileType = sourcecode.swift; path = ViewController.swift; sourceTree = "<group>"; };
		490479CC1E923B4C00CA1BA7 /* Base */ = {isa = PBXFileReference; lastKnownFileType = file.storyboard; name = Base; path = Base.lproj/Main.storyboard; sourceTree = "<group>"; };
		490479CE1E923B4C00CA1BA7 /* Assets.xcassets */ = {isa = PBXFileReference; lastKnownFileType = folder.assetcatalog; path = Assets.xcassets; sourceTree = "<group>"; };
		490479D11E923B4C00CA1BA7 /* Base */ = {isa = PBXFileReference; lastKnownFileType = file.storyboard; name = Base; path = Base.lproj/LaunchScreen.storyboard; sourceTree = "<group>"; };
		490479D31E923B4C00CA1BA7 /* Info.plist */ = {isa = PBXFileReference; lastKnownFileType = text.plist.xml; path = Info.plist; sourceTree = "<group>"; };
		490479DA1E923BE700CA1BA7 /* banana.png */ = {isa = PBXFileReference; lastKnownFileType = image.png; path = banana.png; sourceTree = "<group>"; };
		490479DB1E923BE700CA1BA7 /* banana@2x.png */ = {isa = PBXFileReference; lastKnownFileType = image.png; path = "banana@2x.png"; sourceTree = "<group>"; };
		490479DC1E923BE700CA1BA7 /* chomp.caf */ = {isa = PBXFileReference; lastKnownFileType = file; path = chomp.caf; sourceTree = "<group>"; };
		490479DD1E923BE700CA1BA7 /* hehehe1.caf */ = {isa = PBXFileReference; lastKnownFileType = file; path = hehehe1.caf; sourceTree = "<group>"; };
		490479DE1E923BE700CA1BA7 /* monkey.png */ = {isa = PBXFileReference; lastKnownFileType = image.png; path = monkey.png; sourceTree = "<group>"; };
		490479DF1E923BE700CA1BA7 /* monkey@2x.png */ = {isa = PBXFileReference; lastKnownFileType = image.png; path = "monkey@2x.png"; sourceTree = "<group>"; };
/* End PBXFileReference section */

/* Begin PBXFrameworksBuildPhase section */
		490479C11E923B4C00CA1BA7 /* Frameworks */ = {
			isa = PBXFrameworksBuildPhase;
			buildActionMask = 2147483647;
			files = (
			);
			runOnlyForDeploymentPostprocessing = 0;
		};
/* End PBXFrameworksBuildPhase section */

/* Begin PBXGroup section */
		490479BB1E923B4C00CA1BA7 = {
			isa = PBXGroup;
			children = (
				490479C61E923B4C00CA1BA7 /* MonkeyPinch */,
				490479C51E923B4C00CA1BA7 /* Products */,
			);
			sourceTree = "<group>";
		};
		490479C51E923B4C00CA1BA7 /* Products */ = {
			isa = PBXGroup;
			children = (
				490479C41E923B4C00CA1BA7 /* MonkeyPinch.app */,
			);
			name = Products;
			sourceTree = "<group>";
		};
		490479C61E923B4C00CA1BA7 /* MonkeyPinch */ = {
			isa = PBXGroup;
			children = (
				490479C71E923B4C00CA1BA7 /* AppDelegate.swift */,
				490479C91E923B4C00CA1BA7 /* ViewController.swift */,
				490479CB1E923B4C00CA1BA7 /* Main.storyboard */,
				490479CE1E923B4C00CA1BA7 /* Assets.xcassets */,
				490479D91E923BE700CA1BA7 /* MonkeyPinchResources */,
				490479D01E923B4C00CA1BA7 /* LaunchScreen.storyboard */,
				490479D31E923B4C00CA1BA7 /* Info.plist */,
			);
			path = MonkeyPinch;
			sourceTree = "<group>";
		};
		490479D91E923BE700CA1BA7 /* MonkeyPinchResources */ = {
			isa = PBXGroup;
			children = (
				490479DA1E923BE700CA1BA7 /* banana.png */,
				490479DB1E923BE700CA1BA7 /* banana@2x.png */,
				490479DC1E923BE700CA1BA7 /* chomp.caf */,
				490479DD1E923BE700CA1BA7 /* hehehe1.caf */,
				490479DE1E923BE700CA1BA7 /* monkey.png */,
				490479DF1E923BE700CA1BA7 /* monkey@2x.png */,
			);
			path = MonkeyPinchResources;
			sourceTree = "<group>";
		};
/* End PBXGroup section */

/* Begin PBXNativeTarget section */
		490479C31E923B4C00CA1BA7 /* MonkeyPinch */ = {
			isa = PBXNativeTarget;
			buildConfigurationList = 490479D61E923B4C00CA1BA7 /* Build configuration list for PBXNativeTarget "MonkeyPinch" */;
			buildPhases = (
				490479C01E923B4C00CA1BA7 /* Sources */,
				490479C11E923B4C00CA1BA7 /* Frameworks */,
				490479C21E923B4C00CA1BA7 /* Resources */,
			);
			buildRules = (
			);
			dependencies = (
			);
			name = MonkeyPinch;
			productName = MonkeyPinch;
			productReference = 490479C41E923B4C00CA1BA7 /* MonkeyPinch.app */;
			productType = "com.apple.product-type.application";
		};
/* End PBXNativeTarget section */

/* Begin PBXProject section */
		490479BC1E923B4C00CA1BA7 /* Project object */ = {
			isa = PBXProject;
			attributes = {
				LastSwiftUpdateCheck = 0820;
				LastUpgradeCheck = 0820;
				ORGANIZATIONNAME = "NGA Group Inc";
				TargetAttributes = {
					490479C31E923B4C00CA1BA7 = {
						CreatedOnToolsVersion = 8.2.1;
						ProvisioningStyle = Manual;
					};
				};
			};
			buildConfigurationList = 490479BF1E923B4C00CA1BA7 /* Build configuration list for PBXProject "MonkeyPinch" */;
			compatibilityVersion = "Xcode 3.2";
			developmentRegion = English;
			hasScannedForEncodings = 0;
			knownRegions = (
				en,
				Base,
			);
			mainGroup = 490479BB1E923B4C00CA1BA7;
			productRefGroup = 490479C51E923B4C00CA1BA7 /* Products */;
			projectDirPath = "";
			projectRoot = "";
			targets = (
				490479C31E923B4C00CA1BA7 /* MonkeyPinch */,
			);
		};
/* End PBXProject section */

/* Begin PBXResourcesBuildPhase section */
		490479C21E923B4C00CA1BA7 /* Resources */ = {
			isa = PBXResourcesBuildPhase;
			buildActionMask = 2147483647;
			files = (
				490479E41E923BE700CA1BA7 /* monkey.png in Resources */,
				490479E21E923BE700CA1BA7 /* chomp.caf in Resources */,
				490479D21E923B4C00CA1BA7 /* LaunchScreen.storyboard in Resources */,
				490479CF1E923B4C00CA1BA7 /* Assets.xcassets in Resources */,
				490479E51E923BE700CA1BA7 /* monkey@2x.png in Resources */,
				490479E11E923BE700CA1BA7 /* banana@2x.png in Resources */,
				490479E01E923BE700CA1BA7 /* banana.png in Resources */,
				490479CD1E923B4C00CA1BA7 /* Main.storyboard in Resources */,
				490479E31E923BE700CA1BA7 /* hehehe1.caf in Resources */,
			);
			runOnlyForDeploymentPostprocessing = 0;
		};
/* End PBXResourcesBuildPhase section */

/* Begin PBXSourcesBuildPhase section */
		490479C01E923B4C00CA1BA7 /* Sources */ = {
			isa = PBXSourcesBuildPhase;
			buildActionMask = 2147483647;
			files = (
				490479CA1E923B4C00CA1BA7 /* ViewController.swift in Sources */,
				490479C81E923B4C00CA1BA7 /* AppDelegate.swift in Sources */,
			);
			runOnlyForDeploymentPostprocessing = 0;
		};
/* End PBXSourcesBuildPhase section */

/* Begin PBXVariantGroup section */
		490479CB1E923B4C00CA1BA7 /* Main.storyboard */ = {
			isa = PBXVariantGroup;
			children = (
				490479CC1E923B4C00CA1BA7 /* Base */,
			);
			name = Main.storyboard;
			sourceTree = "<group>";
		};
		490479D01E923B4C00CA1BA7 /* LaunchScreen.storyboard */ = {
			isa = PBXVariantGroup;
			children = (
				490479D11E923B4C00CA1BA7 /* Base */,
			);
			name = LaunchScreen.storyboard;
			sourceTree = "<group>";
		};
/* End PBXVariantGroup section */

/* Begin XCBuildConfiguration section */
		490479D41E923B4C00CA1BA7 /* Debug */ = {
			isa = XCBuildConfiguration;
			buildSettings = {
				ALWAYS_SEARCH_USER_PATHS = NO;
				CLANG_ANALYZER_NONNULL = YES;
				CLANG_CXX_LANGUAGE_STANDARD = "gnu++0x";
				CLANG_CXX_LIBRARY = "libc++";
				CLANG_ENABLE_MODULES = YES;
				CLANG_ENABLE_OBJC_ARC = YES;
				CLANG_WARN_BOOL_CONVERSION = YES;
				CLANG_WARN_CONSTANT_CONVERSION = YES;
				CLANG_WARN_DIRECT_OBJC_ISA_USAGE = YES_ERROR;
				CLANG_WARN_DOCUMENTATION_COMMENTS = YES;
				CLANG_WARN_EMPTY_BODY = YES;
				CLANG_WARN_ENUM_CONVERSION = YES;
				CLANG_WARN_INFINITE_RECURSION = YES;
				CLANG_WARN_INT_CONVERSION = YES;
				CLANG_WARN_OBJC_ROOT_CLASS = YES_ERROR;
				CLANG_WARN_SUSPICIOUS_MOVE = YES;
				CLANG_WARN_UNREACHABLE_CODE = YES;
				CLANG_WARN__DUPLICATE_METHOD_MATCH = YES;
				"CODE_SIGN_IDENTITY[sdk=iphoneos*]" = "iPhone Developer";
				COPY_PHASE_STRIP = NO;
				DEBUG_INFORMATION_FORMAT = dwarf;
				ENABLE_STRICT_OBJC_MSGSEND = YES;
				ENABLE_TESTABILITY = YES;
				GCC_C_LANGUAGE_STANDARD = gnu99;
				GCC_DYNAMIC_NO_PIC = NO;
				GCC_NO_COMMON_BLOCKS = YES;
				GCC_OPTIMIZATION_LEVEL = 0;
				GCC_PREPROCESSOR_DEFINITIONS = (
					"DEBUG=1",
					"$(inherited)",
				);
				GCC_WARN_64_TO_32_BIT_CONVERSION = YES;
				GCC_WARN_ABOUT_RETURN_TYPE = YES_ERROR;
				GCC_WARN_UNDECLARED_SELECTOR = YES;
				GCC_WARN_UNINITIALIZED_AUTOS = YES_AGGRESSIVE;
				GCC_WARN_UNUSED_FUNCTION = YES;
				GCC_WARN_UNUSED_VARIABLE = YES;
				IPHONEOS_DEPLOYMENT_TARGET = 10.2;
				MTL_ENABLE_DEBUG_INFO = YES;
				ONLY_ACTIVE_ARCH = YES;
				SDKROOT = iphoneos;
				SWIFT_ACTIVE_COMPILATION_CONDITIONS = DEBUG;
				SWIFT_OPTIMIZATION_LEVEL = "-Onone";
				TARGETED_DEVICE_FAMILY = "1,2";
			};
			name = Debug;
		};
		490479D51E923B4C00CA1BA7 /* Release */ = {
			isa = XCBuildConfiguration;
			buildSettings = {
				ALWAYS_SEARCH_USER_PATHS = NO;
				CLANG_ANALYZER_NONNULL = YES;
				CLANG_CXX_LANGUAGE_STANDARD = "gnu++0x";
				CLANG_CXX_LIBRARY = "libc++";
				CLANG_ENABLE_MODULES = YES;
				CLANG_ENABLE_OBJC_ARC = YES;
				CLANG_WARN_BOOL_CONVERSION = YES;
				CLANG_WARN_CONSTANT_CONVERSION = YES;
				CLANG_WARN_DIRECT_OBJC_ISA_USAGE = YES_ERROR;
				CLANG_WARN_DOCUMENTATION_COMMENTS = YES;
				CLANG_WARN_EMPTY_BODY = YES;
				CLANG_WARN_ENUM_CONVERSION = YES;
				CLANG_WARN_INFINITE_RECURSION = YES;
				CLANG_WARN_INT_CONVERSION = YES;
				CLANG_WARN_OBJC_ROOT_CLASS = YES_ERROR;
				CLANG_WARN_SUSPICIOUS_MOVE = YES;
				CLANG_WARN_UNREACHABLE_CODE = YES;
				CLANG_WARN__DUPLICATE_METHOD_MATCH = YES;
				"CODE_SIGN_IDENTITY[sdk=iphoneos*]" = "iPhone Developer";
				COPY_PHASE_STRIP = NO;
				DEBUG_INFORMATION_FORMAT = "dwarf-with-dsym";
				ENABLE_NS_ASSERTIONS = NO;
				ENABLE_STRICT_OBJC_MSGSEND = YES;
				GCC_C_LANGUAGE_STANDARD = gnu99;
				GCC_NO_COMMON_BLOCKS = YES;
				GCC_WARN_64_TO_32_BIT_CONVERSION = YES;
				GCC_WARN_ABOUT_RETURN_TYPE = YES_ERROR;
				GCC_WARN_UNDECLARED_SELECTOR = YES;
				GCC_WARN_UNINITIALIZED_AUTOS = YES_AGGRESSIVE;
				GCC_WARN_UNUSED_FUNCTION = YES;
				GCC_WARN_UNUSED_VARIABLE = YES;
				IPHONEOS_DEPLOYMENT_TARGET = 10.2;
				MTL_ENABLE_DEBUG_INFO = NO;
				SDKROOT = iphoneos;
				SWIFT_OPTIMIZATION_LEVEL = "-Owholemodule";
				TARGETED_DEVICE_FAMILY = "1,2";
				VALIDATE_PRODUCT = YES;
			};
			name = Release;
		};
		490479D71E923B4C00CA1BA7 /* Debug */ = {
			isa = XCBuildConfiguration;
			buildSettings = {
				ASSETCATALOG_COMPILER_APPICON_NAME = AppIcon;
				DEVELOPMENT_TEAM = "";
				INFOPLIST_FILE = MonkeyPinch/Info.plist;
				LD_RUNPATH_SEARCH_PATHS = "$(inherited) @executable_path/Frameworks";
				PRODUCT_BUNDLE_IDENTIFIER = com.ngagroupinc.MonkeyPinch;
				PRODUCT_NAME = "$(TARGET_NAME)";
				SWIFT_VERSION = 3.0;
			};
			name = Debug;
		};
		490479D81E923B4C00CA1BA7 /* Release */ = {
			isa = XCBuildConfiguration;
			buildSettings = {
				ASSETCATALOG_COMPILER_APPICON_NAME = AppIcon;
				DEVELOPMENT_TEAM = "";
				INFOPLIST_FILE = MonkeyPinch/Info.plist;
				LD_RUNPATH_SEARCH_PATHS = "$(inherited) @executable_path/Frameworks";
				PRODUCT_BUNDLE_IDENTIFIER = com.ngagroupinc.MonkeyPinch;
				PRODUCT_NAME = "$(TARGET_NAME)";
				SWIFT_VERSION = 3.0;
			};
			name = Release;
		};
/* End XCBuildConfiguration section */

/* Begin XCConfigurationList section */
		490479BF1E923B4C00CA1BA7 /* Build configuration list for PBXProject "MonkeyPinch" */ = {
			isa = XCConfigurationList;
			buildConfigurations = (
				490479D41E923B4C00CA1BA7 /* Debug */,
				490479D51E923B4C00CA1BA7 /* Release */,
			);
			defaultConfigurationIsVisible = 0;
			defaultConfigurationName = Release;
		};
		490479D61E923B4C00CA1BA7 /* Build configuration list for PBXNativeTarget "MonkeyPinch" */ = {
			isa = XCConfigurationList;
			buildConfigurations = (
				490479D71E923B4C00CA1BA7 /* Debug */,
				490479D81E923B4C00CA1BA7 /* Release */,
			);
			defaultConfigurationIsVisible = 0;
		};
/* End XCConfigurationList section */
	};
	rootObject = 490479BC1E923B4C00CA1BA7 /* Project object */;
}
